
Microsoft Visual Studio Solution File, Format Version 12.00
# Visual Studio Version 16
VisualStudioVersion = 16.0.33423.256
MinimumVisualStudioVersion = 10.0.40219.1
Project("{FAE04EC0-301F-11D3-BF4B-00C04F79EFBC}") = "selfAssesment", "selfAssesment\selfAssesment.csproj", "{45DD414F-BA7B-4262-9F9E-1D3D2963DA97}"
EndProject
Global
	GlobalSection(SolutionConfigurationPlatforms) = preSolution
		Debug|Any CPU = Debug|Any CPU
		Release|Any CPU = Release|Any CPU
	EndGlobalSection
	GlobalSection(ProjectConfigurationPlatforms) = postSolution
		{45DD414F-BA7B-4262-9F9E-1D3D2963DA97}.Debug|Any CPU.ActiveCfg = Debug|Any CPU
		{45DD414F-BA7B-4262-9F9E-1D3D2963DA97}.Debug|Any CPU.Build.0 = Debug|Any CPU
		{45DD414F-BA7B-4262-9F9E-1D3D2963DA97}.Release|Any CPU.ActiveCfg = Release|Any CPU
		{45DD414F-BA7B-4262-9F9E-1D3D2963DA97}.Release|Any CPU.Build.0 = Release|Any CPU
	EndGlobalSection
	GlobalSection(SolutionProperties) = preSolution
		HideSolutionNode = FALSE
	EndGlobalSection
	GlobalSection(ExtensibilityGlobals) = postSolution
		SolutionGuid = {22AD4A0C-D130-45F1-8065-EEB4B08194A3}
	EndGlobalSection
EndGlobal
